<?xml version="1.0" encoding="utf-8"?>
<Project ToolsVersion="4.0" xmlns="http://schemas.microsoft.com/developer/msbuild/2003">
  <ItemGroup>
    <Filter Include="App">
      <UniqueIdentifier>{31646101-5202-4e19-aa25-4a02ccd83668}</UniqueIdentifier>
    </Filter>
    <Filter Include="Render">
      <UniqueIdentifier>{0df6f675-57c3-4b3b-b816-0cdf50e55173}</UniqueIdentifier>
    </Filter>
    <Filter Include="App\Display">
      <UniqueIdentifier>{dc908e24-4d96-45b2-b2ea-136a5c055e83}</UniqueIdentifier>
    </Filter>
    <Filter Include="App\Display\Include">
      <UniqueIdentifier>{f28a663e-a4cb-4dbe-a4c6-0d7030e4f531}</UniqueIdentifier>
    </Filter>
    <Filter Include="App\Display\Src">
      <UniqueIdentifier>{946cd1f5-8581-4460-a9d2-231ae545fe99}</UniqueIdentifier>
    </Filter>
    <Filter Include="App\Win32Display">
      <UniqueIdentifier>{98d8efe6-e47e-4ddd-8789-6cbebefd7c64}</UniqueIdentifier>
    </Filter>
    <Filter Include="App\Win32Display\Src">
      <UniqueIdentifier>{32cb91fe-3ca7-4c73-bd6e-0270de72d90f}</UniqueIdentifier>
    </Filter>
    <Filter Include="App\Launcher">
      <UniqueIdentifier>{69385e9a-8953-440f-89e0-d0d348380155}</UniqueIdentifier>
    </Filter>
    <Filter Include="App\Launcher\Include">
      <UniqueIdentifier>{89ebd8d2-1d18-4709-90ef-0285552d757d}</UniqueIdentifier>
    </Filter>
    <Filter Include="App\Launcher\Src">
      <UniqueIdentifier>{d7d3af88-4d03-4345-bb83-b158845d2d36}</UniqueIdentifier>
    </Filter>
    <Filter Include="App\Providers">
      <UniqueIdentifier>{da202997-36fe-4204-a5e0-1513f18533a1}</UniqueIdentifier>
    </Filter>
    <Filter Include="App\Providers\Include">
      <UniqueIdentifier>{f661f596-8614-456b-95ba-f46f070824f8}</UniqueIdentifier>
    </Filter>
    <Filter Include="App\Providers\Src">
      <UniqueIdentifier>{6a7721e7-ccb1-4e78-bc52-4a704449bdb0}</UniqueIdentifier>
    </Filter>
    <Filter Include="App\DisplayLauncher">
      <UniqueIdentifier>{3a704206-a64c-43ae-b14e-3e3aae8984cb}</UniqueIdentifier>
    </Filter>
    <Filter Include="App\DisplayLauncher\Include">
      <UniqueIdentifier>{43952f73-0810-4c60-9239-c62419ce1b92}</UniqueIdentifier>
    </Filter>
    <Filter Include="App\DisplayLauncher\Src">
      <UniqueIdentifier>{971fd6d3-14a0-447c-9025-60dc0210c078}</UniqueIdentifier>
    </Filter>
    <Filter Include="App\ApplicationLauncher">
      <UniqueIdentifier>{e0a5eadd-e5e7-465b-ace5-83875d4fb19d}</UniqueIdentifier>
    </Filter>
    <Filter Include="App\ApplicationLauncher\Include">
      <UniqueIdentifier>{38d06837-a61c-41a1-b10a-4d611beceebe}</UniqueIdentifier>
    </Filter>
    <Filter Include="App\ApplicationLauncher\Src">
      <UniqueIdentifier>{b93e2ec5-ea71-4543-8497-df4abcf39070}</UniqueIdentifier>
    </Filter>
    <Filter Include="App\ApplicationLauncher\Data">
      <UniqueIdentifier>{5b905859-9b6b-4ce0-8271-5bd5eb022ed2}</UniqueIdentifier>
    </Filter>
    <Filter Include="App\Interactivity">
      <UniqueIdentifier>{501e6443-e44b-4042-86d0-53bdc3f6de94}</UniqueIdentifier>
    </Filter>
    <Filter Include="App\Interactivity\Include">
      <UniqueIdentifier>{80e36ba3-6cd6-4ca4-b22c-1905575f7332}</UniqueIdentifier>
    </Filter>
    <Filter Include="App\Interactivity\Src">
      <UniqueIdentifier>{c14df562-daa7-4426-aa09-ae1d07390b9a}</UniqueIdentifier>
    </Filter>
    <Filter Include="Render\RenderContext">
      <UniqueIdentifier>{6d25f048-e380-4e5e-9099-2622e8e3ddd6}</UniqueIdentifier>
    </Filter>
    <Filter Include="Render\RenderContext\Include">
      <UniqueIdentifier>{74cf13aa-268d-43ca-9323-e529c9098544}</UniqueIdentifier>
    </Filter>
    <Filter Include="Render\RenderContext\Src">
      <UniqueIdentifier>{41369ae0-eaa2-4580-bd95-51944612a6cf}</UniqueIdentifier>
    </Filter>
    <Filter Include="Render\GLRenderDevice">
      <UniqueIdentifier>{dc45b61e-a14e-4b94-b13f-bd00f4d3164e}</UniqueIdentifier>
    </Filter>
    <Filter Include="Render\GLRenderDevice\Include">
      <UniqueIdentifier>{22030268-62c6-41b7-af7d-3abb70ce6d34}</UniqueIdentifier>
    </Filter>
    <Filter Include="Render\GLRenderDevice\Src">
      <UniqueIdentifier>{5caaa6fc-3447-45fa-8c62-394d997228b4}</UniqueIdentifier>
    </Filter>
    <Filter Include="Render\GLRenderContext">
      <UniqueIdentifier>{38b65ea1-c36b-4e63-a1b8-c0e9536cb51e}</UniqueIdentifier>
    </Filter>
    <Filter Include="Render\GLRenderContext\Src">
      <UniqueIdentifier>{60469181-4606-4bcf-ba38-27aa867bf330}</UniqueIdentifier>
    </Filter>
    <Filter Include="Render\D3D11RenderDevice">
      <UniqueIdentifier>{a477d68e-68b2-4453-9084-5d9270bcc710}</UniqueIdentifier>
    </Filter>
    <Filter Include="Render\D3D11RenderDevice\Include">
      <UniqueIdentifier>{b33a32dc-7778-45d3-b1f8-32ed52e592ad}</UniqueIdentifier>
    </Filter>
    <Filter Include="Render\D3D11RenderDevice\Src">
      <UniqueIdentifier>{35c008d6-f90c-4e43-bb5d-5e1217e20f96}</UniqueIdentifier>
    </Filter>
    <Filter Include="Render\D3D11RenderContext">
      <UniqueIdentifier>{af124623-3b3b-4aee-9eea-49e1ac5048b4}</UniqueIdentifier>
    </Filter>
    <Filter Include="Render\D3D11RenderContext\Src">
      <UniqueIdentifier>{11aa56a9-f2db-4661-bd77-24d5ba95eecc}</UniqueIdentifier>
    </Filter>
  </ItemGroup>
  <ItemGroup>
    <ClInclude Include="..\..\..\Packages\App\Display\Include\NsApp\Display.h">
      <Filter>App\Display\Include</Filter>
    </ClInclude>
    <ClInclude Include="..\..\..\Packages\App\Display\Include\NsApp\DisplayApi.h">
      <Filter>App\Display\Include</Filter>
    </ClInclude>
    <ClCompile Include="..\..\..\Packages\App\Display\Src\App.Display.cpp">
      <Filter>App\Display\Src</Filter>
    </ClCompile>
    <ClInclude Include="..\..\..\Packages\App\Display\Src\Audio.h">
      <Filter>App\Display\Src</Filter>
    </ClInclude>
    <ClCompile Include="..\..\..\Packages\App\Display\Src\Audio.mm.cpp">
      <Filter>App\Display\Src</Filter>
    </ClCompile>
    <ClCompile Include="..\..\..\Packages\App\Display\Src\Display.cpp">
      <Filter>App\Display\Src</Filter>
    </ClCompile>
    <ClInclude Include="..\..\..\Packages\App\Display\Src\dr_mp3.h">
      <Filter>App\Display\Src</Filter>
    </ClInclude>
    <ClInclude Include="..\..\..\Packages\App\Display\Src\dr_wav.h">
      <Filter>App\Display\Src</Filter>
    </ClInclude>
    <ClInclude Include="..\..\..\Packages\App\Display\Src\mini_al.h">
      <Filter>App\Display\Src</Filter>
    </ClInclude>
    <ClCompile Include="..\..\..\Packages\App\Win32Display\Src\App.Win32Display.cpp">
      <Filter>App\Win32Display\Src</Filter>
    </ClCompile>
    <ClCompile Include="..\..\..\Packages\App\Win32Display\Src\TSF.cpp">
      <Filter>App\Win32Display\Src</Filter>
    </ClCompile>
    <ClInclude Include="..\..\..\Packages\App\Win32Display\Src\TSF.h">
      <Filter>App\Win32Display\Src</Filter>
    </ClInclude>
    <ClCompile Include="..\..\..\Packages\App\Win32Display\Src\Win32Display.cpp">
      <Filter>App\Win32Display\Src</Filter>
    </ClCompile>
    <ClInclude Include="..\..\..\Packages\App\Win32Display\Src\Win32Display.h">
      <Filter>App\Win32Display\Src</Filter>
    </ClInclude>
    <ClInclude Include="..\..\..\Packages\App\Launcher\Include\NsApp\CommandLine.h">
      <Filter>App\Launcher\Include</Filter>
    </ClInclude>
    <ClInclude Include="..\..\..\Packages\App\Launcher\Include\NsApp\EntryPoint.h">
      <Filter>App\Launcher\Include</Filter>
    </ClInclude>
    <ClInclude Include="..\..\..\Packages\App\Launcher\Include\NsApp\Launcher.h">
      <Filter>App\Launcher\Include</Filter>
    </ClInclude>
    <ClInclude Include="..\..\..\Packages\App\Launcher\Include\NsApp\LauncherApi.h">
      <Filter>App\Launcher\Include</Filter>
    </ClInclude>
    <ClCompile Include="..\..\..\Packages\App\Launcher\Src\App.Launcher.cpp">
      <Filter>App\Launcher\Src</Filter>
    </ClCompile>
    <ClCompile Include="..\..\..\Packages\App\Launcher\Src\CommandLine.cpp">
      <Filter>App\Launcher\Src</Filter>
    </ClCompile>
    <ClCompile Include="..\..\..\Packages\App\Launcher\Src\Launcher.cpp">
      <Filter>App\Launcher\Src</Filter>
    </ClCompile>
    <ClInclude Include="..\..\..\Packages\App\Providers\Include\NsApp\EmbeddedFontProvider.h">
      <Filter>App\Providers\Include</Filter>
    </ClInclude>
    <ClInclude Include="..\..\..\Packages\App\Providers\Include\NsApp\EmbeddedTextureProvider.h">
      <Filter>App\Providers\Include</Filter>
    </ClInclude>
    <ClInclude Include="..\..\..\Packages\App\Providers\Include\NsApp\EmbeddedXamlProvider.h">
      <Filter>App\Providers\Include</Filter>
    </ClInclude>
    <ClInclude Include="..\..\..\Packages\App\Providers\Include\NsApp\FileTextureProvider.h">
      <Filter>App\Providers\Include</Filter>
    </ClInclude>
    <ClInclude Include="..\..\..\Packages\App\Providers\Include\NsApp\LocalFontProvider.h">
      <Filter>App\Providers\Include</Filter>
    </ClInclude>
    <ClInclude Include="..\..\..\Packages\App\Providers\Include\NsApp\LocalTextureProvider.h">
      <Filter>App\Providers\Include</Filter>
    </ClInclude>
    <ClInclude Include="..\..\..\Packages\App\Providers\Include\NsApp\LocalXamlProvider.h">
      <Filter>App\Providers\Include</Filter>
    </ClInclude>
    <ClInclude Include="..\..\..\Packages\App\Providers\Include\NsApp\ProvidersApi.h">
      <Filter>App\Providers\Include</Filter>
    </ClInclude>
    <ClCompile Include="..\..\..\Packages\App\Providers\Src\App.Providers.cpp">
      <Filter>App\Providers\Src</Filter>
    </ClCompile>
    <ClCompile Include="..\..\..\Packages\App\Providers\Src\EmbeddedFontProvider.cpp">
      <Filter>App\Providers\Src</Filter>
    </ClCompile>
    <ClCompile Include="..\..\..\Packages\App\Providers\Src\EmbeddedTextureProvider.cpp">
      <Filter>App\Providers\Src</Filter>
    </ClCompile>
    <ClCompile Include="..\..\..\Packages\App\Providers\Src\EmbeddedXamlProvider.cpp">
      <Filter>App\Providers\Src</Filter>
    </ClCompile>
    <ClCompile Include="..\..\..\Packages\App\Providers\Src\FileTextureProvider.cpp">
      <Filter>App\Providers\Src</Filter>
    </ClCompile>
    <ClCompile Include="..\..\..\Packages\App\Providers\Src\LocalFontProvider.cpp">
      <Filter>App\Providers\Src</Filter>
    </ClCompile>
    <ClCompile Include="..\..\..\Packages\App\Providers\Src\LocalTextureProvider.cpp">
      <Filter>App\Providers\Src</Filter>
    </ClCompile>
    <ClCompile Include="..\..\..\Packages\App\Providers\Src\LocalXamlProvider.cpp">
      <Filter>App\Providers\Src</Filter>
    </ClCompile>
    <ClInclude Include="..\..\..\Packages\App\Providers\Src\stb_image.h">
      <Filter>App\Providers\Src</Filter>
    </ClInclude>
    <ClInclude Include="..\..\..\Packages\App\DisplayLauncher\Include\NsApp\DisplayLauncher.h">
      <Filter>App\DisplayLauncher\Include</Filter>
    </ClInclude>
    <ClInclude Include="..\..\..\Packages\App\DisplayLauncher\Include\NsApp\DisplayLauncherApi.h">
      <Filter>App\DisplayLauncher\Include</Filter>
    </ClInclude>
    <ClCompile Include="..\..\..\Packages\App\DisplayLauncher\Src\App.DisplayLauncher.cpp">
      <Filter>App\DisplayLauncher\Src</Filter>
    </ClCompile>
    <ClCompile Include="..\..\..\Packages\App\DisplayLauncher\Src\DisplayLauncher.cpp">
      <Filter>App\DisplayLauncher\Src</Filter>
    </ClCompile>
    <ClInclude Include="..\..\..\Packages\App\ApplicationLauncher\Include\NsApp\Application.h">
      <Filter>App\ApplicationLauncher\Include</Filter>
    </ClInclude>
    <ClInclude Include="..\..\..\Packages\App\ApplicationLauncher\Include\NsApp\ApplicationLauncher.h">
      <Filter>App\ApplicationLauncher\Include</Filter>
    </ClInclude>
    <ClInclude Include="..\..\..\Packages\App\ApplicationLauncher\Include\NsApp\ApplicationLauncherApi.h">
      <Filter>App\ApplicationLauncher\Include</Filter>
    </ClInclude>
    <ClInclude Include="..\..\..\Packages\App\ApplicationLauncher\Include\NsApp\DelegateCommand.h">
      <Filter>App\ApplicationLauncher\Include</Filter>
    </ClInclude>
    <ClInclude Include="..\..\..\Packages\App\ApplicationLauncher\Include\NsApp\NotifyPropertyChangedBase.h">
      <Filter>App\ApplicationLauncher\Include</Filter>
    </ClInclude>
    <ClInclude Include="..\..\..\Packages\App\ApplicationLauncher\Include\NsApp\Window.h">
      <Filter>App\ApplicationLauncher\Include</Filter>
    </ClInclude>
    <ClCompile Include="..\..\..\Packages\App\ApplicationLauncher\Src\App.ApplicationLauncher.cpp">
      <Filter>App\ApplicationLauncher\Src</Filter>
    </ClCompile>
    <ClCompile Include="..\..\..\Packages\App\ApplicationLauncher\Src\Application.cpp">
      <Filter>App\ApplicationLauncher\Src</Filter>
    </ClCompile>
    <ClCompile Include="..\..\..\Packages\App\ApplicationLauncher\Src\ApplicationLauncher.cpp">
      <Filter>App\ApplicationLauncher\Src</Filter>
    </ClCompile>
    <ClCompile Include="..\..\..\Packages\App\ApplicationLauncher\Src\DelegateCommand.cpp">
      <Filter>App\ApplicationLauncher\Src</Filter>
    </ClCompile>
    <ClCompile Include="..\..\..\Packages\App\ApplicationLauncher\Src\NotifyPropertyChangedBase.cpp">
      <Filter>App\ApplicationLauncher\Src</Filter>
    </ClCompile>
    <ClCompile Include="..\..\..\Packages\App\ApplicationLauncher\Src\Window.cpp">
      <Filter>App\ApplicationLauncher\Src</Filter>
    </ClCompile>
    <CustomBuild Include="..\..\..\Packages\App\ApplicationLauncher\Src\StatsOverlay.xaml">
      <Filter>App\ApplicationLauncher\Data</Filter>
    </CustomBuild>
    <CustomBuild Include="..\..\..\Packages\App\ApplicationLauncher\Src\dripicons-v2.ttf">
      <Filter>App\ApplicationLauncher\Data</Filter>
    </CustomBuild>
    <ClInclude Include="..\..\..\Packages\App\Interactivity\Include\NsApp\AttachableCollection.h">
      <Filter>App\Interactivity\Include</Filter>
    </ClInclude>
    <None Include="..\..\..\Packages\App\Interactivity\Include\NsApp\AttachableCollection.inl">
      <Filter>App\Interactivity\Include</Filter>
    </None>
    <ClInclude Include="..\..\..\Packages\App\Interactivity\Include\NsApp\AttachableObject.h">
      <Filter>App\Interactivity\Include</Filter>
    </ClInclude>
    <ClInclude Include="..\..\..\Packages\App\Interactivity\Include\NsApp\Behavior.h">
      <Filter>App\Interactivity\Include</Filter>
    </ClInclude>
    <ClInclude Include="..\..\..\Packages\App\Interactivity\Include\NsApp\BehaviorCollection.h">
      <Filter>App\Interactivity\Include</Filter>
    </ClInclude>
    <ClInclude Include="..\..\..\Packages\App\Interactivity\Include\NsApp\ChangePropertyAction.h">
      <Filter>App\Interactivity\Include</Filter>
    </ClInclude>
    <ClInclude Include="..\..\..\Packages\App\Interactivity\Include\NsApp\ComparisonCondition.h">
      <Filter>App\Interactivity\Include</Filter>
    </ClInclude>
    <ClInclude Include="..\..\..\Packages\App\Interactivity\Include\NsApp\ConditionalExpression.h">
      <Filter>App\Interactivity\Include</Filter>
    </ClInclude>
    <ClInclude Include="..\..\..\Packages\App\Interactivity\Include\NsApp\ConditionBehavior.h">
      <Filter>App\Interactivity\Include</Filter>
    </ClInclude>
    <ClInclude Include="..\..\..\Packages\App\Interactivity\Include\NsApp\ControlStoryboardAction.h">
      <Filter>App\Interactivity\Include</Filter>
    </ClInclude>
    <ClInclude Include="..\..\..\Packages\App\Interactivity\Include\NsApp\DataTrigger.h">
      <Filter>App\Interactivity\Include</Filter>
    </ClInclude>
    <ClInclude Include="..\..\..\Packages\App\Interactivity\Include\NsApp\EventTrigger.h">
      <Filter>App\Interactivity\Include</Filter>
    </ClInclude>
    <ClInclude Include="..\..\..\Packages\App\Interactivity\Include\NsApp\EventTriggerBase.h">
      <Filter>App\Interactivity\Include</Filter>
    </ClInclude>
    <ClInclude Include="..\..\..\Packages\App\Interactivity\Include\NsApp\GamepadTrigger.h">
      <Filter>App\Interactivity\Include</Filter>
    </ClInclude>
    <ClInclude Include="..\..\..\Packages\App\Interactivity\Include\NsApp\GoToStateAction.h">
      <Filter>App\Interactivity\Include</Filter>
    </ClInclude>
    <ClInclude Include="..\..\..\Packages\App\Interactivity\Include\NsApp\IAttachedObject.h">
      <Filter>App\Interactivity\Include</Filter>
    </ClInclude>
    <ClInclude Include="..\..\..\Packages\App\Interactivity\Include\NsApp\Interaction.h">
      <Filter>App\Interactivity\Include</Filter>
    </ClInclude>
    <ClInclude Include="..\..\..\Packages\App\Interactivity\Include\NsApp\InteractivityApi.h">
      <Filter>App\Interactivity\Include</Filter>
    </ClInclude>
    <ClInclude Include="..\..\..\Packages\App\Interactivity\Include\NsApp\InvokeCommandAction.h">
      <Filter>App\Interactivity\Include</Filter>
    </ClInclude>
    <ClInclude Include="..\..\..\Packages\App\Interactivity\Include\NsApp\KeyTrigger.h">
      <Filter>App\Interactivity\Include</Filter>
    </ClInclude>
    <ClInclude Include="..\..\..\Packages\App\Interactivity\Include\NsApp\LaunchUriOrFileAction.h">
      <Filter>App\Interactivity\Include</Filter>
    </ClInclude>
    <ClInclude Include="..\..\..\Packages\App\Interactivity\Include\NsApp\MouseDragElementBehavior.h">
      <Filter>App\Interactivity\Include</Filter>
    </ClInclude>
    <ClInclude Include="..\..\..\Packages\App\Interactivity\Include\NsApp\PlaySoundAction.h">
      <Filter>App\Interactivity\Include</Filter>
    </ClInclude>
    <ClInclude Include="..\..\..\Packages\App\Interactivity\Include\NsApp\PropertyChangedTrigger.h">
      <Filter>App\Interactivity\Include</Filter>
    </ClInclude>
    <ClInclude Include="..\..\..\Packages\App\Interactivity\Include\NsApp\RemoveElementAction.h">
      <Filter>App\Interactivity\Include</Filter>
    </ClInclude>
    <ClInclude Include="..\..\..\Packages\App\Interactivity\Include\NsApp\SelectAction.h">
      <Filter>App\Interactivity\Include</Filter>
    </ClInclude>
    <ClInclude Include="..\..\..\Packages\App\Interactivity\Include\NsApp\SelectAllAction.h">
      <Filter>App\Interactivity\Include</Filter>
    </ClInclude>
    <ClInclude Include="..\..\..\Packages\App\Interactivity\Include\NsApp\SetFocusAction.h">
      <Filter>App\Interactivity\Include</Filter>
    </ClInclude>
    <ClInclude Include="..\..\..\Packages\App\Interactivity\Include\NsApp\StoryboardAction.h">
      <Filter>App\Interactivity\Include</Filter>
    </ClInclude>
    <ClInclude Include="..\..\..\Packages\App\Interactivity\Include\NsApp\StoryboardCompletedTrigger.h">
      <Filter>App\Interactivity\Include</Filter>
    </ClInclude>
    <ClInclude Include="..\..\..\Packages\App\Interactivity\Include\NsApp\StoryboardTrigger.h">
      <Filter>App\Interactivity\Include</Filter>
    </ClInclude>
    <ClInclude Include="..\..\..\Packages\App\Interactivity\Include\NsApp\StyleInteraction.h">
      <Filter>App\Interactivity\Include</Filter>
    </ClInclude>
    <ClInclude Include="..\..\..\Packages\App\Interactivity\Include\NsApp\TargetedTriggerAction.h">
      <Filter>App\Interactivity\Include</Filter>
    </ClInclude>
    <ClInclude Include="..\..\..\Packages\App\Interactivity\Include\NsApp\TimerTrigger.h">
      <Filter>App\Interactivity\Include</Filter>
    </ClInclude>
    <ClInclude Include="..\..\..\Packages\App\Interactivity\Include\NsApp\TranslateZoomRotateBehavior.h">
      <Filter>App\Interactivity\Include</Filter>
    </ClInclude>
    <ClInclude Include="..\..\..\Packages\App\Interactivity\Include\NsApp\TriggerAction.h">
      <Filter>App\Interactivity\Include</Filter>
    </ClInclude>
    <ClInclude Include="..\..\..\Packages\App\Interactivity\Include\NsApp\TriggerActionCollection.h">
      <Filter>App\Interactivity\Include</Filter>
    </ClInclude>
    <ClInclude Include="..\..\..\Packages\App\Interactivity\Include\NsApp\TriggerBase.h">
      <Filter>App\Interactivity\Include</Filter>
    </ClInclude>
    <ClInclude Include="..\..\..\Packages\App\Interactivity\Include\NsApp\TriggerCollection.h">
      <Filter>App\Interactivity\Include</Filter>
    </ClInclude>
    <ClCompile Include="..\..\..\Packages\App\Interactivity\Src\App.Interactivity.cpp">
      <Filter>App\Interactivity\Src</Filter>
    </ClCompile>
    <ClCompile Include="..\..\..\Packages\App\Interactivity\Src\AttachableObject.cpp">
      <Filter>App\Interactivity\Src</Filter>
    </ClCompile>
    <ClCompile Include="..\..\..\Packages\App\Interactivity\Src\Behavior.cpp">
      <Filter>App\Interactivity\Src</Filter>
    </ClCompile>
    <ClCompile Include="..\..\..\Packages\App\Interactivity\Src\BehaviorCollection.cpp">
      <Filter>App\Interactivity\Src</Filter>
    </ClCompile>
    <ClCompile Include="..\..\..\Packages\App\Interactivity\Src\ChangePropertyAction.cpp">
      <Filter>App\Interactivity\Src</Filter>
    </ClCompile>
    <ClCompile Include="..\..\..\Packages\App\Interactivity\Src\ComparisonCondition.cpp">
      <Filter>App\Interactivity\Src</Filter>
    </ClCompile>
    <ClCompile Include="..\..\..\Packages\App\Interactivity\Src\ComparisonLogic.cpp">
      <Filter>App\Interactivity\Src</Filter>
    </ClCompile>
    <ClInclude Include="..\..\..\Packages\App\Interactivity\Src\ComparisonLogic.h">
      <Filter>App\Interactivity\Src</Filter>
    </ClInclude>
    <ClCompile Include="..\..\..\Packages\App\Interactivity\Src\ConditionalExpression.cpp">
      <Filter>App\Interactivity\Src</Filter>
    </ClCompile>
    <ClCompile Include="..\..\..\Packages\App\Interactivity\Src\ConditionBehavior.cpp">
      <Filter>App\Interactivity\Src</Filter>
    </ClCompile>
    <ClCompile Include="..\..\..\Packages\App\Interactivity\Src\ControlStoryboardAction.cpp">
      <Filter>App\Interactivity\Src</Filter>
    </ClCompile>
    <ClCompile Include="..\..\..\Packages\App\Interactivity\Src\DataBindingHelper.cpp">
      <Filter>App\Interactivity\Src</Filter>
    </ClCompile>
    <ClInclude Include="..\..\..\Packages\App\Interactivity\Src\DataBindingHelper.h">
      <Filter>App\Interactivity\Src</Filter>
    </ClInclude>
    <ClCompile Include="..\..\..\Packages\App\Interactivity\Src\DataTrigger.Interactivity.cpp">
      <Filter>App\Interactivity\Src</Filter>
    </ClCompile>
    <ClCompile Include="..\..\..\Packages\App\Interactivity\Src\EventTrigger.Interactivity.cpp">
      <Filter>App\Interactivity\Src</Filter>
    </ClCompile>
    <ClCompile Include="..\..\..\Packages\App\Interactivity\Src\EventTriggerBase.cpp">
      <Filter>App\Interactivity\Src</Filter>
    </ClCompile>
    <ClCompile Include="..\..\..\Packages\App\Interactivity\Src\GamepadTrigger.cpp">
      <Filter>App\Interactivity\Src</Filter>
    </ClCompile>
    <ClCompile Include="..\..\..\Packages\App\Interactivity\Src\GoToStateAction.cpp">
      <Filter>App\Interactivity\Src</Filter>
    </ClCompile>
    <ClCompile Include="..\..\..\Packages\App\Interactivity\Src\Interaction.cpp">
      <Filter>App\Interactivity\Src</Filter>
    </ClCompile>
    <ClCompile Include="..\..\..\Packages\App\Interactivity\Src\InvokeCommandAction.cpp">
      <Filter>App\Interactivity\Src</Filter>
    </ClCompile>
    <ClCompile Include="..\..\..\Packages\App\Interactivity\Src\KeyTrigger.cpp">
      <Filter>App\Interactivity\Src</Filter>
    </ClCompile>
    <ClCompile Include="..\..\..\Packages\App\Interactivity\Src\LaunchUriOrFileAction.cpp">
      <Filter>App\Interactivity\Src</Filter>
    </ClCompile>
    <ClCompile Include="..\..\..\Packages\App\Interactivity\Src\MouseDragElementBehavior.cpp">
      <Filter>App\Interactivity\Src</Filter>
    </ClCompile>
    <ClCompile Include="..\..\..\Packages\App\Interactivity\Src\PlaySoundAction.cpp">
      <Filter>App\Interactivity\Src</Filter>
    </ClCompile>
    <ClCompile Include="..\..\..\Packages\App\Interactivity\Src\PropertyChangedTrigger.cpp">
      <Filter>App\Interactivity\Src</Filter>
    </ClCompile>
    <ClCompile Include="..\..\..\Packages\App\Interactivity\Src\RemoveElementAction.cpp">
      <Filter>App\Interactivity\Src</Filter>
    </ClCompile>
    <ClCompile Include="..\..\..\Packages\App\Interactivity\Src\SelectAction.cpp">
      <Filter>App\Interactivity\Src</Filter>
    </ClCompile>
    <ClCompile Include="..\..\..\Packages\App\Interactivity\Src\SelectAllAction.cpp">
      <Filter>App\Interactivity\Src</Filter>
    </ClCompile>
    <ClCompile Include="..\..\..\Packages\App\Interactivity\Src\SetFocusAction.cpp">
      <Filter>App\Interactivity\Src</Filter>
    </ClCompile>
    <ClCompile Include="..\..\..\Packages\App\Interactivity\Src\StoryboardAction.cpp">
      <Filter>App\Interactivity\Src</Filter>
    </ClCompile>
    <ClCompile Include="..\..\..\Packages\App\Interactivity\Src\StoryboardCompletedTrigger.cpp">
      <Filter>App\Interactivity\Src</Filter>
    </ClCompile>
    <ClCompile Include="..\..\..\Packages\App\Interactivity\Src\StoryboardTrigger.cpp">
      <Filter>App\Interactivity\Src</Filter>
    </ClCompile>
    <ClCompile Include="..\..\..\Packages\App\Interactivity\Src\StyleInteraction.cpp">
      <Filter>App\Interactivity\Src</Filter>
    </ClCompile>
    <ClCompile Include="..\..\..\Packages\App\Interactivity\Src\TargetedTriggerAction.cpp">
      <Filter>App\Interactivity\Src</Filter>
    </ClCompile>
    <ClCompile Include="..\..\..\Packages\App\Interactivity\Src\TimerTrigger.cpp">
      <Filter>App\Interactivity\Src</Filter>
    </ClCompile>
    <ClCompile Include="..\..\..\Packages\App\Interactivity\Src\TranslateZoomRotateBehavior.cpp">
      <Filter>App\Interactivity\Src</Filter>
    </ClCompile>
    <ClCompile Include="..\..\..\Packages\App\Interactivity\Src\TriggerAction.Interactivity.cpp">
      <Filter>App\Interactivity\Src</Filter>
    </ClCompile>
    <ClCompile Include="..\..\..\Packages\App\Interactivity\Src\TriggerActionCollection.cpp">
      <Filter>App\Interactivity\Src</Filter>
    </ClCompile>
    <ClCompile Include="..\..\..\Packages\App\Interactivity\Src\TriggerBase.Interactivity.cpp">
      <Filter>App\Interactivity\Src</Filter>
    </ClCompile>
    <ClCompile Include="..\..\..\Packages\App\Interactivity\Src\TriggerCollection.cpp">
      <Filter>App\Interactivity\Src</Filter>
    </ClCompile>
    <ClInclude Include="pch.h">
    </ClInclude>
    <ClCompile Include="pch.cpp">
    </ClCompile>
    <ClCompile Include="init.cpp">
    </ClCompile>
    <ClInclude Include="..\..\..\Packages\Render\RenderContext\Include\NsRender\Image.h">
      <Filter>Render\RenderContext\Include</Filter>
    </ClInclude>
    <ClInclude Include="..\..\..\Packages\Render\RenderContext\Include\NsRender\RenderContext.h">
      <Filter>Render\RenderContext\Include</Filter>
    </ClInclude>
    <ClInclude Include="..\..\..\Packages\Render\RenderContext\Include\NsRender\RenderContextApi.h">
      <Filter>Render\RenderContext\Include</Filter>
    </ClInclude>
    <ClCompile Include="..\..\..\Packages\Render\RenderContext\Src\Image.cpp">
      <Filter>Render\RenderContext\Src</Filter>
    </ClCompile>
    <ClCompile Include="..\..\..\Packages\Render\RenderContext\Src\Render.RenderContext.cpp">
      <Filter>Render\RenderContext\Src</Filter>
    </ClCompile>
    <ClCompile Include="..\..\..\Packages\Render\RenderContext\Src\RenderContext.cpp">
      <Filter>Render\RenderContext\Src</Filter>
    </ClCompile>
    <ClInclude Include="..\..\..\Packages\Render\GLRenderDevice\Include\NsRender\GLFactory.h">
      <Filter>Render\GLRenderDevice\Include</Filter>
    </ClInclude>
    <ClInclude Include="..\..\..\Packages\Render\GLRenderDevice\Include\NsRender\GLRenderDeviceApi.h">
      <Filter>Render\GLRenderDevice\Include</Filter>
    </ClInclude>
    <ClInclude Include="..\..\..\Packages\Render\GLRenderDevice\Src\glext.h">
      <Filter>Render\GLRenderDevice\Src</Filter>
    </ClInclude>
    <ClInclude Include="..\..\..\Packages\Render\GLRenderDevice\Src\GLHeaders.h">
      <Filter>Render\GLRenderDevice\Src</Filter>
    </ClInclude>
    <ClInclude Include="..\..\..\Packages\Render\GLRenderDevice\Src\GLImports.h">
      <Filter>Render\GLRenderDevice\Src</Filter>
    </ClInclude>
    <ClCompile Include="..\..\..\Packages\Render\GLRenderDevice\Src\GLRenderDevice.cpp">
      <Filter>Render\GLRenderDevice\Src</Filter>
    </ClCompile>
    <ClInclude Include="..\..\..\Packages\Render\GLRenderDevice\Src\GLRenderDevice.h">
      <Filter>Render\GLRenderDevice\Src</Filter>
    </ClInclude>
    <ClCompile Include="..\..\..\Packages\Render\GLRenderDevice\Src\Render.GLRenderDevice.cpp">
      <Filter>Render\GLRenderDevice\Src</Filter>
    </ClCompile>
    <ClInclude Include="..\..\..\Packages\Render\GLRenderDevice\Src\ShadersGL120.h">
      <Filter>Render\GLRenderDevice\Src</Filter>
    </ClInclude>
    <ClInclude Include="..\..\..\Packages\Render\GLRenderDevice\Src\ShadersGL140.h">
      <Filter>Render\GLRenderDevice\Src</Filter>
    </ClInclude>
    <ClInclude Include="..\..\..\Packages\Render\GLRenderDevice\Src\ShadersGLES.h">
      <Filter>Render\GLRenderDevice\Src</Filter>
    </ClInclude>
    <ClInclude Include="..\..\..\Packages\Render\GLRenderContext\Src\glext.h">
      <Filter>Render\GLRenderContext\Src</Filter>
    </ClInclude>
    <ClInclude Include="..\..\..\Packages\Render\GLRenderContext\Src\GLHeaders.h">
      <Filter>Render\GLRenderContext\Src</Filter>
    </ClInclude>
    <ClInclude Include="..\..\..\Packages\Render\GLRenderContext\Src\GLRenderContext.h">
      <Filter>Render\GLRenderContext\Src</Filter>
    </ClInclude>
    <ClCompile Include="..\..\..\Packages\Render\GLRenderContext\Src\GLRenderContext.mm.cpp">
      <Filter>Render\GLRenderContext\Src</Filter>
    </ClCompile>
    <ClCompile Include="..\..\..\Packages\Render\GLRenderContext\Src\Render.GLRenderContext.cpp">
      <Filter>Render\GLRenderContext\Src</Filter>
    </ClCompile>
    <ClInclude Include="..\..\..\Packages\Render\GLRenderContext\Src\wglext.h">
      <Filter>Render\GLRenderContext\Src</Filter>
    </ClInclude>
    <ClInclude Include="..\..\..\Packages\Render\D3D11RenderDevice\Include\NsRender\D3D11Factory.h">
      <Filter>Render\D3D11RenderDevice\Include</Filter>
    </ClInclude>
    <ClInclude Include="..\..\..\Packages\Render\D3D11RenderDevice\Include\NsRender\D3D11RenderDeviceApi.h">
      <Filter>Render\D3D11RenderDevice\Include</Filter>
    </ClInclude>
    <ClCompile Include="..\..\..\Packages\Render\D3D11RenderDevice\Src\D3D11RenderDevice.cpp">
      <Filter>Render\D3D11RenderDevice\Src</Filter>
    </ClCompile>
    <ClInclude Include="..\..\..\Packages\Render\D3D11RenderDevice\Src\D3D11RenderDevice.h">
      <Filter>Render\D3D11RenderDevice\Src</Filter>
    </ClInclude>
    <ClCompile Include="..\..\..\Packages\Render\D3D11RenderDevice\Src\Render.D3D11RenderDevice.cpp">
      <Filter>Render\D3D11RenderDevice\Src</Filter>
    </ClCompile>
    <ClInclude Include="..\..\..\Packages\Render\D3D11RenderDevice\Src\Shaders.h">
      <Filter>Render\D3D11RenderDevice\Src</Filter>
    </ClInclude>
    <ClInclude Include="..\..\..\Packages\Render\D3D11RenderDevice\Src\Shaders.xbox.h">
      <Filter>Render\D3D11RenderDevice\Src</Filter>
    </ClInclude>
    <ClCompile Include="..\..\..\Packages\Render\D3D11RenderContext\Src\D3D11RenderContext.cpp">
      <Filter>Render\D3D11RenderContext\Src</Filter>
    </ClCompile>
    <ClInclude Include="..\..\..\Packages\Render\D3D11RenderContext\Src\D3D11RenderContext.h">
      <Filter>Render\D3D11RenderContext\Src</Filter>
    </ClInclude>
    <ClCompile Include="..\..\..\Packages\Render\D3D11RenderContext\Src\Render.D3D11RenderContext.cpp">
      <Filter>Render\D3D11RenderContext\Src</Filter>
    </ClCompile>
  </ItemGroup>
</Project>