<?xml version="1.0" encoding="utf-8"?>
<Project ToolsVersion="4.0" xmlns="http://schemas.microsoft.com/developer/msbuild/2003">
  <ItemGroup>
    <Filter Include="Source Files">
      <UniqueIdentifier>{4FC737F1-C7A5-4376-A066-2A32D752A2FF}</UniqueIdentifier>
      <Extensions>cpp;c;cc;cxx;def;odl;idl;hpj;bat;asm;asmx</Extensions>
    </Filter>
    <Filter Include="Header Files">
      <UniqueIdentifier>{93995380-89BD-4b04-88EB-625FBE52EBFB}</UniqueIdentifier>
      <Extensions>h;hh;hpp;hxx;hm;inl;inc;ipp;xsd</Extensions>
    </Filter>
    <Filter Include="Resource Files">
      <UniqueIdentifier>{67DA6AB6-F800-4c08-8B7A-83BB121AAD01}</UniqueIdentifier>
      <Extensions>rc;ico;cur;bmp;dlg;rc2;rct;bin;rgs;gif;jpg;jpeg;jpe;resx;tiff;tif;png;wav;mfcribbon-ms</Extensions>
    </Filter>
    <Filter Include="Header Files\Subsystem">
      <UniqueIdentifier>{8e4b7bea-beb1-4e7d-8183-dac5d35b5662}</UniqueIdentifier>
    </Filter>
    <Filter Include="Header Files\Event">
      <UniqueIdentifier>{93e9ae05-6106-47e3-a103-9cbeef70926c}</UniqueIdentifier>
    </Filter>
    <Filter Include="Header Files\Core">
      <UniqueIdentifier>{7a529130-776f-4e51-9c24-b28b1682803d}</UniqueIdentifier>
    </Filter>
    <Filter Include="Source Files\Event">
      <UniqueIdentifier>{fc7b1e7a-d535-4d8d-85ba-2e5f352f375e}</UniqueIdentifier>
    </Filter>
    <Filter Include="Source Files\Core">
      <UniqueIdentifier>{3f74e9b2-f401-4c78-8792-d3bec055f16a}</UniqueIdentifier>
    </Filter>
    <Filter Include="Source Files\Subsystem">
      <UniqueIdentifier>{7afcfcca-d2d6-4b06-a10a-ba05b31bf233}</UniqueIdentifier>
    </Filter>
    <Filter Include="Header Files\Entity">
      <UniqueIdentifier>{ca2691ad-866b-44bd-a2aa-abac271f4569}</UniqueIdentifier>
    </Filter>
    <Filter Include="Source Files\Entity">
      <UniqueIdentifier>{86df8020-88d2-4273-be61-b145a5b4cb32}</UniqueIdentifier>
    </Filter>
    <Filter Include="Source Files\Subsystem\Graphics">
      <UniqueIdentifier>{2c0ee93b-e749-43a0-a980-566550c6424d}</UniqueIdentifier>
    </Filter>
    <Filter Include="Header Files\Subsystem\Graphics">
      <UniqueIdentifier>{6d701148-ca21-418e-9dae-2338efe6f374}</UniqueIdentifier>
    </Filter>
  </ItemGroup>
  <ItemGroup>
    <ClCompile Include="GameEngine.cpp">
      <Filter>Source Files\Core</Filter>
    </ClCompile>
    <ClCompile Include="Main.cpp">
      <Filter>Source Files\Core</Filter>
    </ClCompile>
    <ClCompile Include="Audio.cpp">
      <Filter>Source Files\Subsystem</Filter>
    </ClCompile>
    <ClCompile Include="GamePlay.cpp">
      <Filter>Source Files\Subsystem</Filter>
    </ClCompile>
    <ClCompile Include="Multiplayer.cpp">
      <Filter>Source Files\Subsystem</Filter>
    </ClCompile>
    <ClCompile Include="Physics.cpp">
      <Filter>Source Files\Subsystem</Filter>
    </ClCompile>
    <ClCompile Include="subSystem.cpp">
      <Filter>Source Files\Subsystem</Filter>
    </ClCompile>
    <ClCompile Include="UI.cpp">
      <Filter>Source Files\Subsystem</Filter>
    </ClCompile>
    <ClCompile Include="Event.cpp">
      <Filter>Source Files\Event</Filter>
    </ClCompile>
    <ClCompile Include="Entity.cpp">
      <Filter>Source Files\Entity</Filter>
    </ClCompile>
    <ClCompile Include="CameraEntitiy.cpp">
      <Filter>Source Files\Entity</Filter>
    </ClCompile>
    <ClCompile Include="moveEntity.cpp">
      <Filter>Source Files\Entity</Filter>
    </ClCompile>
    <ClCompile Include="Mesh.cpp">
      <Filter>Source Files\Core</Filter>
    </ClCompile>
    <ClCompile Include="Graphics.cpp">
      <Filter>Source Files\Subsystem\Graphics</Filter>
    </ClCompile>
    <ClCompile Include="IrrInclude.cpp">
      <Filter>Source Files\Subsystem\Graphics</Filter>
    </ClCompile>
    <ClCompile Include="AssetManager.cpp">
      <Filter>Source Files\Core</Filter>
    </ClCompile>
  </ItemGroup>
  <ItemGroup>
    <ClInclude Include="subSystem.h">
      <Filter>Header Files\Subsystem</Filter>
    </ClInclude>
    <ClInclude Include="SubSystemEnum.h">
      <Filter>Header Files\Subsystem</Filter>
    </ClInclude>
    <ClInclude Include="Event.h">
      <Filter>Header Files\Event</Filter>
    </ClInclude>
    <ClInclude Include="EventTypeEnum.h">
      <Filter>Header Files\Event</Filter>
    </ClInclude>
    <ClInclude Include="Audio.h">
      <Filter>Header Files\Subsystem</Filter>
    </ClInclude>
    <ClInclude Include="GamePlay.h">
      <Filter>Header Files\Subsystem</Filter>
    </ClInclude>
    <ClInclude Include="Multiplayer.h">
      <Filter>Header Files\Subsystem</Filter>
    </ClInclude>
    <ClInclude Include="Physics.h">
      <Filter>Header Files\Subsystem</Filter>
    </ClInclude>
    <ClInclude Include="UI.h">
      <Filter>Header Files\Subsystem</Filter>
    </ClInclude>
    <ClInclude Include="GameEngine.h">
      <Filter>Header Files\Core</Filter>
    </ClInclude>
    <ClInclude Include="Entity.h">
      <Filter>Header Files\Entity</Filter>
    </ClInclude>
    <ClInclude Include="CameraEntitiy.h">
      <Filter>Header Files\Entity</Filter>
    </ClInclude>
    <ClInclude Include="EntityEnum.h">
      <Filter>Header Files\Entity</Filter>
    </ClInclude>
    <ClInclude Include="moveEntity.h">
      <Filter>Header Files\Entity</Filter>
    </ClInclude>
    <ClInclude Include="Mesh.h">
      <Filter>Header Files\Core</Filter>
    </ClInclude>
    <ClInclude Include="IrrInclude.h">
      <Filter>Header Files\Subsystem\Graphics</Filter>
    </ClInclude>
    <ClInclude Include="Graphics.h">
      <Filter>Header Files\Subsystem\Graphics</Filter>
    </ClInclude>
    <ClInclude Include="AssetManager.h">
      <Filter>Header Files\Core</Filter>
    </ClInclude>
  </ItemGroup>
</Project>