<?xml version="1.0" encoding="utf-8"?>
<Project ToolsVersion="4.0" xmlns="http://schemas.microsoft.com/developer/msbuild/2003">
  <ItemGroup>
    <Filter Include="App">
      <UniqueIdentifier>{f7487199-d7e2-4ed9-8843-f611abd9dbe1}</UniqueIdentifier>
    </Filter>
    <Filter Include="Render">
      <UniqueIdentifier>{92a39fd4-49ee-4308-b3fd-aeae65f75435}</UniqueIdentifier>
    </Filter>
    <Filter Include="App\Display">
      <UniqueIdentifier>{5d26d09f-c9b8-4772-b8b4-60e6f4f0946a}</UniqueIdentifier>
    </Filter>
    <Filter Include="App\Display\Include">
      <UniqueIdentifier>{031da5b7-ba59-405c-8947-71af5081c53b}</UniqueIdentifier>
    </Filter>
    <Filter Include="App\Display\Src">
      <UniqueIdentifier>{b92a34a5-1cb0-46db-ac6d-ae5c9a16fd24}</UniqueIdentifier>
    </Filter>
    <Filter Include="App\Win32Display">
      <UniqueIdentifier>{ab9e7da5-bf2c-4308-aedc-7d2c16ec1cf7}</UniqueIdentifier>
    </Filter>
    <Filter Include="App\Win32Display\Src">
      <UniqueIdentifier>{9b41d600-9e76-4261-a9f5-fab33ac55471}</UniqueIdentifier>
    </Filter>
    <Filter Include="App\Launcher">
      <UniqueIdentifier>{be0c63df-5127-4157-ad4e-1b5ca55053c9}</UniqueIdentifier>
    </Filter>
    <Filter Include="App\Launcher\Include">
      <UniqueIdentifier>{eeac9481-695c-47d6-8ac9-192806d630e6}</UniqueIdentifier>
    </Filter>
    <Filter Include="App\Launcher\Src">
      <UniqueIdentifier>{8396ffb0-13e0-4d3e-b2af-eb1cdf329c69}</UniqueIdentifier>
    </Filter>
    <Filter Include="App\Providers">
      <UniqueIdentifier>{f7c69650-4515-4bae-a303-4cd42850cf9c}</UniqueIdentifier>
    </Filter>
    <Filter Include="App\Providers\Include">
      <UniqueIdentifier>{9b4a8f9d-616a-4fbf-b3e8-fb48cd040fd8}</UniqueIdentifier>
    </Filter>
    <Filter Include="App\Providers\Src">
      <UniqueIdentifier>{42d3060e-8009-4725-baad-68dba5753c0d}</UniqueIdentifier>
    </Filter>
    <Filter Include="App\DisplayLauncher">
      <UniqueIdentifier>{fe4a63c7-2bbf-41e5-ac44-51559e719139}</UniqueIdentifier>
    </Filter>
    <Filter Include="App\DisplayLauncher\Include">
      <UniqueIdentifier>{680acff9-7b15-492a-b2a1-c470d9f92acb}</UniqueIdentifier>
    </Filter>
    <Filter Include="App\DisplayLauncher\Src">
      <UniqueIdentifier>{06f5ee81-6c6c-4a48-90ed-f817768ac719}</UniqueIdentifier>
    </Filter>
    <Filter Include="App\ApplicationLauncher">
      <UniqueIdentifier>{ceccec00-a63a-4950-9403-a2d2f75e1bb0}</UniqueIdentifier>
    </Filter>
    <Filter Include="App\ApplicationLauncher\Include">
      <UniqueIdentifier>{f4d531bc-36d5-4af9-b4b3-7ceca6e41f33}</UniqueIdentifier>
    </Filter>
    <Filter Include="App\ApplicationLauncher\Src">
      <UniqueIdentifier>{fe57b405-5097-4c6f-a165-cd2fc1d29c54}</UniqueIdentifier>
    </Filter>
    <Filter Include="App\ApplicationLauncher\Data">
      <UniqueIdentifier>{f3e53744-0ee7-410f-bb04-eb93b1762124}</UniqueIdentifier>
    </Filter>
    <Filter Include="App\Interactivity">
      <UniqueIdentifier>{7c9b7e95-89bb-4c0a-aee2-8ae2772ac2b3}</UniqueIdentifier>
    </Filter>
    <Filter Include="App\Interactivity\Include">
      <UniqueIdentifier>{08942086-2b79-4b90-b8b3-df1ee8f98cc8}</UniqueIdentifier>
    </Filter>
    <Filter Include="App\Interactivity\Src">
      <UniqueIdentifier>{dadcfb6e-786e-4ecb-aca8-118aa731818e}</UniqueIdentifier>
    </Filter>
    <Filter Include="Render\RenderContext">
      <UniqueIdentifier>{82ee43e5-e29c-4c65-a51f-ee1cb63dccf7}</UniqueIdentifier>
    </Filter>
    <Filter Include="Render\RenderContext\Include">
      <UniqueIdentifier>{9297c2a9-4201-4cb9-be67-fa8f92655663}</UniqueIdentifier>
    </Filter>
    <Filter Include="Render\RenderContext\Src">
      <UniqueIdentifier>{3a94cb7c-4e99-4c56-ac0f-a743c150546f}</UniqueIdentifier>
    </Filter>
    <Filter Include="Render\GLRenderDevice">
      <UniqueIdentifier>{97e55350-cf96-4e7a-93a8-7f500652d047}</UniqueIdentifier>
    </Filter>
    <Filter Include="Render\GLRenderDevice\Include">
      <UniqueIdentifier>{23b42a92-d69f-4f95-b575-e5890cd55f5f}</UniqueIdentifier>
    </Filter>
    <Filter Include="Render\GLRenderDevice\Src">
      <UniqueIdentifier>{68bd4f79-72fb-4138-9a32-936fad1c1925}</UniqueIdentifier>
    </Filter>
    <Filter Include="Render\GLRenderContext">
      <UniqueIdentifier>{18c3ff47-100d-49f1-9081-7d28d9de416d}</UniqueIdentifier>
    </Filter>
    <Filter Include="Render\GLRenderContext\Src">
      <UniqueIdentifier>{dc6a1844-d5d4-4534-94f7-b0c706da1f98}</UniqueIdentifier>
    </Filter>
    <Filter Include="Render\D3D11RenderDevice">
      <UniqueIdentifier>{ede508ef-53ca-4c68-867b-f547be6ee38a}</UniqueIdentifier>
    </Filter>
    <Filter Include="Render\D3D11RenderDevice\Include">
      <UniqueIdentifier>{3227d4a3-741f-4f9e-8f95-f7f7544f9369}</UniqueIdentifier>
    </Filter>
    <Filter Include="Render\D3D11RenderDevice\Src">
      <UniqueIdentifier>{247db7b5-0de8-4399-951d-0f71ae477350}</UniqueIdentifier>
    </Filter>
    <Filter Include="Render\D3D11RenderContext">
      <UniqueIdentifier>{6923c3ef-5180-4b60-b069-5b36f046c3da}</UniqueIdentifier>
    </Filter>
    <Filter Include="Render\D3D11RenderContext\Src">
      <UniqueIdentifier>{88a716b6-f017-4abb-87f6-2c755dc77917}</UniqueIdentifier>
    </Filter>
  </ItemGroup>
  <ItemGroup>
    <ClInclude Include="..\..\..\Packages\App\Display\Include\NsApp\Display.h">
      <Filter>App\Display\Include</Filter>
    </ClInclude>
    <ClInclude Include="..\..\..\Packages\App\Display\Include\NsApp\DisplayApi.h">
      <Filter>App\Display\Include</Filter>
    </ClInclude>
    <ClCompile Include="..\..\..\Packages\App\Display\Src\App.Display.cpp">
      <Filter>App\Display\Src</Filter>
    </ClCompile>
    <ClInclude Include="..\..\..\Packages\App\Display\Src\Audio.h">
      <Filter>App\Display\Src</Filter>
    </ClInclude>
    <ClCompile Include="..\..\..\Packages\App\Display\Src\Audio.mm.cpp">
      <Filter>App\Display\Src</Filter>
    </ClCompile>
    <ClCompile Include="..\..\..\Packages\App\Display\Src\Display.cpp">
      <Filter>App\Display\Src</Filter>
    </ClCompile>
    <ClInclude Include="..\..\..\Packages\App\Display\Src\dr_mp3.h">
      <Filter>App\Display\Src</Filter>
    </ClInclude>
    <ClInclude Include="..\..\..\Packages\App\Display\Src\dr_wav.h">
      <Filter>App\Display\Src</Filter>
    </ClInclude>
    <ClInclude Include="..\..\..\Packages\App\Display\Src\mini_al.h">
      <Filter>App\Display\Src</Filter>
    </ClInclude>
    <ClCompile Include="..\..\..\Packages\App\Win32Display\Src\App.Win32Display.cpp">
      <Filter>App\Win32Display\Src</Filter>
    </ClCompile>
    <ClCompile Include="..\..\..\Packages\App\Win32Display\Src\TSF.cpp">
      <Filter>App\Win32Display\Src</Filter>
    </ClCompile>
    <ClInclude Include="..\..\..\Packages\App\Win32Display\Src\TSF.h">
      <Filter>App\Win32Display\Src</Filter>
    </ClInclude>
    <ClCompile Include="..\..\..\Packages\App\Win32Display\Src\Win32Display.cpp">
      <Filter>App\Win32Display\Src</Filter>
    </ClCompile>
    <ClInclude Include="..\..\..\Packages\App\Win32Display\Src\Win32Display.h">
      <Filter>App\Win32Display\Src</Filter>
    </ClInclude>
    <ClInclude Include="..\..\..\Packages\App\Launcher\Include\NsApp\CommandLine.h">
      <Filter>App\Launcher\Include</Filter>
    </ClInclude>
    <ClInclude Include="..\..\..\Packages\App\Launcher\Include\NsApp\EntryPoint.h">
      <Filter>App\Launcher\Include</Filter>
    </ClInclude>
    <ClInclude Include="..\..\..\Packages\App\Launcher\Include\NsApp\Launcher.h">
      <Filter>App\Launcher\Include</Filter>
    </ClInclude>
    <ClInclude Include="..\..\..\Packages\App\Launcher\Include\NsApp\LauncherApi.h">
      <Filter>App\Launcher\Include</Filter>
    </ClInclude>
    <ClCompile Include="..\..\..\Packages\App\Launcher\Src\App.Launcher.cpp">
      <Filter>App\Launcher\Src</Filter>
    </ClCompile>
    <ClCompile Include="..\..\..\Packages\App\Launcher\Src\CommandLine.cpp">
      <Filter>App\Launcher\Src</Filter>
    </ClCompile>
    <ClCompile Include="..\..\..\Packages\App\Launcher\Src\Launcher.cpp">
      <Filter>App\Launcher\Src</Filter>
    </ClCompile>
    <ClInclude Include="..\..\..\Packages\App\Providers\Include\NsApp\EmbeddedFontProvider.h">
      <Filter>App\Providers\Include</Filter>
    </ClInclude>
    <ClInclude Include="..\..\..\Packages\App\Providers\Include\NsApp\EmbeddedTextureProvider.h">
      <Filter>App\Providers\Include</Filter>
    </ClInclude>
    <ClInclude Include="..\..\..\Packages\App\Providers\Include\NsApp\EmbeddedXamlProvider.h">
      <Filter>App\Providers\Include</Filter>
    </ClInclude>
    <ClInclude Include="..\..\..\Packages\App\Providers\Include\NsApp\FileTextureProvider.h">
      <Filter>App\Providers\Include</Filter>
    </ClInclude>
    <ClInclude Include="..\..\..\Packages\App\Providers\Include\NsApp\LocalFontProvider.h">
      <Filter>App\Providers\Include</Filter>
    </ClInclude>
    <ClInclude Include="..\..\..\Packages\App\Providers\Include\NsApp\LocalTextureProvider.h">
      <Filter>App\Providers\Include</Filter>
    </ClInclude>
    <ClInclude Include="..\..\..\Packages\App\Providers\Include\NsApp\LocalXamlProvider.h">
      <Filter>App\Providers\Include</Filter>
    </ClInclude>
    <ClInclude Include="..\..\..\Packages\App\Providers\Include\NsApp\ProvidersApi.h">
      <Filter>App\Providers\Include</Filter>
    </ClInclude>
    <ClCompile Include="..\..\..\Packages\App\Providers\Src\App.Providers.cpp">
      <Filter>App\Providers\Src</Filter>
    </ClCompile>
    <ClCompile Include="..\..\..\Packages\App\Providers\Src\EmbeddedFontProvider.cpp">
      <Filter>App\Providers\Src</Filter>
    </ClCompile>
    <ClCompile Include="..\..\..\Packages\App\Providers\Src\EmbeddedTextureProvider.cpp">
      <Filter>App\Providers\Src</Filter>
    </ClCompile>
    <ClCompile Include="..\..\..\Packages\App\Providers\Src\EmbeddedXamlProvider.cpp">
      <Filter>App\Providers\Src</Filter>
    </ClCompile>
    <ClCompile Include="..\..\..\Packages\App\Providers\Src\FileTextureProvider.cpp">
      <Filter>App\Providers\Src</Filter>
    </ClCompile>
    <ClCompile Include="..\..\..\Packages\App\Providers\Src\LocalFontProvider.cpp">
      <Filter>App\Providers\Src</Filter>
    </ClCompile>
    <ClCompile Include="..\..\..\Packages\App\Providers\Src\LocalTextureProvider.cpp">
      <Filter>App\Providers\Src</Filter>
    </ClCompile>
    <ClCompile Include="..\..\..\Packages\App\Providers\Src\LocalXamlProvider.cpp">
      <Filter>App\Providers\Src</Filter>
    </ClCompile>
    <ClInclude Include="..\..\..\Packages\App\Providers\Src\stb_image.h">
      <Filter>App\Providers\Src</Filter>
    </ClInclude>
    <ClInclude Include="..\..\..\Packages\App\DisplayLauncher\Include\NsApp\DisplayLauncher.h">
      <Filter>App\DisplayLauncher\Include</Filter>
    </ClInclude>
    <ClInclude Include="..\..\..\Packages\App\DisplayLauncher\Include\NsApp\DisplayLauncherApi.h">
      <Filter>App\DisplayLauncher\Include</Filter>
    </ClInclude>
    <ClCompile Include="..\..\..\Packages\App\DisplayLauncher\Src\App.DisplayLauncher.cpp">
      <Filter>App\DisplayLauncher\Src</Filter>
    </ClCompile>
    <ClCompile Include="..\..\..\Packages\App\DisplayLauncher\Src\DisplayLauncher.cpp">
      <Filter>App\DisplayLauncher\Src</Filter>
    </ClCompile>
    <ClInclude Include="..\..\..\Packages\App\ApplicationLauncher\Include\NsApp\Application.h">
      <Filter>App\ApplicationLauncher\Include</Filter>
    </ClInclude>
    <ClInclude Include="..\..\..\Packages\App\ApplicationLauncher\Include\NsApp\ApplicationLauncher.h">
      <Filter>App\ApplicationLauncher\Include</Filter>
    </ClInclude>
    <ClInclude Include="..\..\..\Packages\App\ApplicationLauncher\Include\NsApp\ApplicationLauncherApi.h">
      <Filter>App\ApplicationLauncher\Include</Filter>
    </ClInclude>
    <ClInclude Include="..\..\..\Packages\App\ApplicationLauncher\Include\NsApp\DelegateCommand.h">
      <Filter>App\ApplicationLauncher\Include</Filter>
    </ClInclude>
    <ClInclude Include="..\..\..\Packages\App\ApplicationLauncher\Include\NsApp\NotifyPropertyChangedBase.h">
      <Filter>App\ApplicationLauncher\Include</Filter>
    </ClInclude>
    <ClInclude Include="..\..\..\Packages\App\ApplicationLauncher\Include\NsApp\Window.h">
      <Filter>App\ApplicationLauncher\Include</Filter>
    </ClInclude>
    <ClCompile Include="..\..\..\Packages\App\ApplicationLauncher\Src\App.ApplicationLauncher.cpp">
      <Filter>App\ApplicationLauncher\Src</Filter>
    </ClCompile>
    <ClCompile Include="..\..\..\Packages\App\ApplicationLauncher\Src\Application.cpp">
      <Filter>App\ApplicationLauncher\Src</Filter>
    </ClCompile>
    <ClCompile Include="..\..\..\Packages\App\ApplicationLauncher\Src\ApplicationLauncher.cpp">
      <Filter>App\ApplicationLauncher\Src</Filter>
    </ClCompile>
    <ClCompile Include="..\..\..\Packages\App\ApplicationLauncher\Src\DelegateCommand.cpp">
      <Filter>App\ApplicationLauncher\Src</Filter>
    </ClCompile>
    <ClCompile Include="..\..\..\Packages\App\ApplicationLauncher\Src\NotifyPropertyChangedBase.cpp">
      <Filter>App\ApplicationLauncher\Src</Filter>
    </ClCompile>
    <ClCompile Include="..\..\..\Packages\App\ApplicationLauncher\Src\Window.cpp">
      <Filter>App\ApplicationLauncher\Src</Filter>
    </ClCompile>
    <CustomBuild Include="..\..\..\Packages\App\ApplicationLauncher\Src\StatsOverlay.xaml">
      <Filter>App\ApplicationLauncher\Data</Filter>
    </CustomBuild>
    <CustomBuild Include="..\..\..\Packages\App\ApplicationLauncher\Src\dripicons-v2.ttf">
      <Filter>App\ApplicationLauncher\Data</Filter>
    </CustomBuild>
    <ClInclude Include="..\..\..\Packages\App\Interactivity\Include\NsApp\AttachableCollection.h">
      <Filter>App\Interactivity\Include</Filter>
    </ClInclude>
    <None Include="..\..\..\Packages\App\Interactivity\Include\NsApp\AttachableCollection.inl">
      <Filter>App\Interactivity\Include</Filter>
    </None>
    <ClInclude Include="..\..\..\Packages\App\Interactivity\Include\NsApp\AttachableObject.h">
      <Filter>App\Interactivity\Include</Filter>
    </ClInclude>
    <ClInclude Include="..\..\..\Packages\App\Interactivity\Include\NsApp\Behavior.h">
      <Filter>App\Interactivity\Include</Filter>
    </ClInclude>
    <ClInclude Include="..\..\..\Packages\App\Interactivity\Include\NsApp\BehaviorCollection.h">
      <Filter>App\Interactivity\Include</Filter>
    </ClInclude>
    <ClInclude Include="..\..\..\Packages\App\Interactivity\Include\NsApp\ChangePropertyAction.h">
      <Filter>App\Interactivity\Include</Filter>
    </ClInclude>
    <ClInclude Include="..\..\..\Packages\App\Interactivity\Include\NsApp\ComparisonCondition.h">
      <Filter>App\Interactivity\Include</Filter>
    </ClInclude>
    <ClInclude Include="..\..\..\Packages\App\Interactivity\Include\NsApp\ConditionalExpression.h">
      <Filter>App\Interactivity\Include</Filter>
    </ClInclude>
    <ClInclude Include="..\..\..\Packages\App\Interactivity\Include\NsApp\ConditionBehavior.h">
      <Filter>App\Interactivity\Include</Filter>
    </ClInclude>
    <ClInclude Include="..\..\..\Packages\App\Interactivity\Include\NsApp\ControlStoryboardAction.h">
      <Filter>App\Interactivity\Include</Filter>
    </ClInclude>
    <ClInclude Include="..\..\..\Packages\App\Interactivity\Include\NsApp\DataTrigger.h">
      <Filter>App\Interactivity\Include</Filter>
    </ClInclude>
    <ClInclude Include="..\..\..\Packages\App\Interactivity\Include\NsApp\EventTrigger.h">
      <Filter>App\Interactivity\Include</Filter>
    </ClInclude>
    <ClInclude Include="..\..\..\Packages\App\Interactivity\Include\NsApp\EventTriggerBase.h">
      <Filter>App\Interactivity\Include</Filter>
    </ClInclude>
    <ClInclude Include="..\..\..\Packages\App\Interactivity\Include\NsApp\GamepadTrigger.h">
      <Filter>App\Interactivity\Include</Filter>
    </ClInclude>
    <ClInclude Include="..\..\..\Packages\App\Interactivity\Include\NsApp\GoToStateAction.h">
      <Filter>App\Interactivity\Include</Filter>
    </ClInclude>
    <ClInclude Include="..\..\..\Packages\App\Interactivity\Include\NsApp\IAttachedObject.h">
      <Filter>App\Interactivity\Include</Filter>
    </ClInclude>
    <ClInclude Include="..\..\..\Packages\App\Interactivity\Include\NsApp\Interaction.h">
      <Filter>App\Interactivity\Include</Filter>
    </ClInclude>
    <ClInclude Include="..\..\..\Packages\App\Interactivity\Include\NsApp\InteractivityApi.h">
      <Filter>App\Interactivity\Include</Filter>
    </ClInclude>
    <ClInclude Include="..\..\..\Packages\App\Interactivity\Include\NsApp\InvokeCommandAction.h">
      <Filter>App\Interactivity\Include</Filter>
    </ClInclude>
    <ClInclude Include="..\..\..\Packages\App\Interactivity\Include\NsApp\KeyTrigger.h">
      <Filter>App\Interactivity\Include</Filter>
    </ClInclude>
    <ClInclude Include="..\..\..\Packages\App\Interactivity\Include\NsApp\LaunchUriOrFileAction.h">
      <Filter>App\Interactivity\Include</Filter>
    </ClInclude>
    <ClInclude Include="..\..\..\Packages\App\Interactivity\Include\NsApp\MouseDragElementBehavior.h">
      <Filter>App\Interactivity\Include</Filter>
    </ClInclude>
    <ClInclude Include="..\..\..\Packages\App\Interactivity\Include\NsApp\PlaySoundAction.h">
      <Filter>App\Interactivity\Include</Filter>
    </ClInclude>
    <ClInclude Include="..\..\..\Packages\App\Interactivity\Include\NsApp\PropertyChangedTrigger.h">
      <Filter>App\Interactivity\Include</Filter>
    </ClInclude>
    <ClInclude Include="..\..\..\Packages\App\Interactivity\Include\NsApp\RemoveElementAction.h">
      <Filter>App\Interactivity\Include</Filter>
    </ClInclude>
    <ClInclude Include="..\..\..\Packages\App\Interactivity\Include\NsApp\SelectAction.h">
      <Filter>App\Interactivity\Include</Filter>
    </ClInclude>
    <ClInclude Include="..\..\..\Packages\App\Interactivity\Include\NsApp\SelectAllAction.h">
      <Filter>App\Interactivity\Include</Filter>
    </ClInclude>
    <ClInclude Include="..\..\..\Packages\App\Interactivity\Include\NsApp\SetFocusAction.h">
      <Filter>App\Interactivity\Include</Filter>
    </ClInclude>
    <ClInclude Include="..\..\..\Packages\App\Interactivity\Include\NsApp\StoryboardAction.h">
      <Filter>App\Interactivity\Include</Filter>
    </ClInclude>
    <ClInclude Include="..\..\..\Packages\App\Interactivity\Include\NsApp\StoryboardCompletedTrigger.h">
      <Filter>App\Interactivity\Include</Filter>
    </ClInclude>
    <ClInclude Include="..\..\..\Packages\App\Interactivity\Include\NsApp\StoryboardTrigger.h">
      <Filter>App\Interactivity\Include</Filter>
    </ClInclude>
    <ClInclude Include="..\..\..\Packages\App\Interactivity\Include\NsApp\StyleInteraction.h">
      <Filter>App\Interactivity\Include</Filter>
    </ClInclude>
    <ClInclude Include="..\..\..\Packages\App\Interactivity\Include\NsApp\TargetedTriggerAction.h">
      <Filter>App\Interactivity\Include</Filter>
    </ClInclude>
    <ClInclude Include="..\..\..\Packages\App\Interactivity\Include\NsApp\TimerTrigger.h">
      <Filter>App\Interactivity\Include</Filter>
    </ClInclude>
    <ClInclude Include="..\..\..\Packages\App\Interactivity\Include\NsApp\TranslateZoomRotateBehavior.h">
      <Filter>App\Interactivity\Include</Filter>
    </ClInclude>
    <ClInclude Include="..\..\..\Packages\App\Interactivity\Include\NsApp\TriggerAction.h">
      <Filter>App\Interactivity\Include</Filter>
    </ClInclude>
    <ClInclude Include="..\..\..\Packages\App\Interactivity\Include\NsApp\TriggerActionCollection.h">
      <Filter>App\Interactivity\Include</Filter>
    </ClInclude>
    <ClInclude Include="..\..\..\Packages\App\Interactivity\Include\NsApp\TriggerBase.h">
      <Filter>App\Interactivity\Include</Filter>
    </ClInclude>
    <ClInclude Include="..\..\..\Packages\App\Interactivity\Include\NsApp\TriggerCollection.h">
      <Filter>App\Interactivity\Include</Filter>
    </ClInclude>
    <ClCompile Include="..\..\..\Packages\App\Interactivity\Src\App.Interactivity.cpp">
      <Filter>App\Interactivity\Src</Filter>
    </ClCompile>
    <ClCompile Include="..\..\..\Packages\App\Interactivity\Src\AttachableObject.cpp">
      <Filter>App\Interactivity\Src</Filter>
    </ClCompile>
    <ClCompile Include="..\..\..\Packages\App\Interactivity\Src\Behavior.cpp">
      <Filter>App\Interactivity\Src</Filter>
    </ClCompile>
    <ClCompile Include="..\..\..\Packages\App\Interactivity\Src\BehaviorCollection.cpp">
      <Filter>App\Interactivity\Src</Filter>
    </ClCompile>
    <ClCompile Include="..\..\..\Packages\App\Interactivity\Src\ChangePropertyAction.cpp">
      <Filter>App\Interactivity\Src</Filter>
    </ClCompile>
    <ClCompile Include="..\..\..\Packages\App\Interactivity\Src\ComparisonCondition.cpp">
      <Filter>App\Interactivity\Src</Filter>
    </ClCompile>
    <ClCompile Include="..\..\..\Packages\App\Interactivity\Src\ComparisonLogic.cpp">
      <Filter>App\Interactivity\Src</Filter>
    </ClCompile>
    <ClInclude Include="..\..\..\Packages\App\Interactivity\Src\ComparisonLogic.h">
      <Filter>App\Interactivity\Src</Filter>
    </ClInclude>
    <ClCompile Include="..\..\..\Packages\App\Interactivity\Src\ConditionalExpression.cpp">
      <Filter>App\Interactivity\Src</Filter>
    </ClCompile>
    <ClCompile Include="..\..\..\Packages\App\Interactivity\Src\ConditionBehavior.cpp">
      <Filter>App\Interactivity\Src</Filter>
    </ClCompile>
    <ClCompile Include="..\..\..\Packages\App\Interactivity\Src\ControlStoryboardAction.cpp">
      <Filter>App\Interactivity\Src</Filter>
    </ClCompile>
    <ClCompile Include="..\..\..\Packages\App\Interactivity\Src\DataBindingHelper.cpp">
      <Filter>App\Interactivity\Src</Filter>
    </ClCompile>
    <ClInclude Include="..\..\..\Packages\App\Interactivity\Src\DataBindingHelper.h">
      <Filter>App\Interactivity\Src</Filter>
    </ClInclude>
    <ClCompile Include="..\..\..\Packages\App\Interactivity\Src\DataTrigger.Interactivity.cpp">
      <Filter>App\Interactivity\Src</Filter>
    </ClCompile>
    <ClCompile Include="..\..\..\Packages\App\Interactivity\Src\EventTrigger.Interactivity.cpp">
      <Filter>App\Interactivity\Src</Filter>
    </ClCompile>
    <ClCompile Include="..\..\..\Packages\App\Interactivity\Src\EventTriggerBase.cpp">
      <Filter>App\Interactivity\Src</Filter>
    </ClCompile>
    <ClCompile Include="..\..\..\Packages\App\Interactivity\Src\GamepadTrigger.cpp">
      <Filter>App\Interactivity\Src</Filter>
    </ClCompile>
    <ClCompile Include="..\..\..\Packages\App\Interactivity\Src\GoToStateAction.cpp">
      <Filter>App\Interactivity\Src</Filter>
    </ClCompile>
    <ClCompile Include="..\..\..\Packages\App\Interactivity\Src\Interaction.cpp">
      <Filter>App\Interactivity\Src</Filter>
    </ClCompile>
    <ClCompile Include="..\..\..\Packages\App\Interactivity\Src\InvokeCommandAction.cpp">
      <Filter>App\Interactivity\Src</Filter>
    </ClCompile>
    <ClCompile Include="..\..\..\Packages\App\Interactivity\Src\KeyTrigger.cpp">
      <Filter>App\Interactivity\Src</Filter>
    </ClCompile>
    <ClCompile Include="..\..\..\Packages\App\Interactivity\Src\LaunchUriOrFileAction.cpp">
      <Filter>App\Interactivity\Src</Filter>
    </ClCompile>
    <ClCompile Include="..\..\..\Packages\App\Interactivity\Src\MouseDragElementBehavior.cpp">
      <Filter>App\Interactivity\Src</Filter>
    </ClCompile>
    <ClCompile Include="..\..\..\Packages\App\Interactivity\Src\PlaySoundAction.cpp">
      <Filter>App\Interactivity\Src</Filter>
    </ClCompile>
    <ClCompile Include="..\..\..\Packages\App\Interactivity\Src\PropertyChangedTrigger.cpp">
      <Filter>App\Interactivity\Src</Filter>
    </ClCompile>
    <ClCompile Include="..\..\..\Packages\App\Interactivity\Src\RemoveElementAction.cpp">
      <Filter>App\Interactivity\Src</Filter>
    </ClCompile>
    <ClCompile Include="..\..\..\Packages\App\Interactivity\Src\SelectAction.cpp">
      <Filter>App\Interactivity\Src</Filter>
    </ClCompile>
    <ClCompile Include="..\..\..\Packages\App\Interactivity\Src\SelectAllAction.cpp">
      <Filter>App\Interactivity\Src</Filter>
    </ClCompile>
    <ClCompile Include="..\..\..\Packages\App\Interactivity\Src\SetFocusAction.cpp">
      <Filter>App\Interactivity\Src</Filter>
    </ClCompile>
    <ClCompile Include="..\..\..\Packages\App\Interactivity\Src\StoryboardAction.cpp">
      <Filter>App\Interactivity\Src</Filter>
    </ClCompile>
    <ClCompile Include="..\..\..\Packages\App\Interactivity\Src\StoryboardCompletedTrigger.cpp">
      <Filter>App\Interactivity\Src</Filter>
    </ClCompile>
    <ClCompile Include="..\..\..\Packages\App\Interactivity\Src\StoryboardTrigger.cpp">
      <Filter>App\Interactivity\Src</Filter>
    </ClCompile>
    <ClCompile Include="..\..\..\Packages\App\Interactivity\Src\StyleInteraction.cpp">
      <Filter>App\Interactivity\Src</Filter>
    </ClCompile>
    <ClCompile Include="..\..\..\Packages\App\Interactivity\Src\TargetedTriggerAction.cpp">
      <Filter>App\Interactivity\Src</Filter>
    </ClCompile>
    <ClCompile Include="..\..\..\Packages\App\Interactivity\Src\TimerTrigger.cpp">
      <Filter>App\Interactivity\Src</Filter>
    </ClCompile>
    <ClCompile Include="..\..\..\Packages\App\Interactivity\Src\TranslateZoomRotateBehavior.cpp">
      <Filter>App\Interactivity\Src</Filter>
    </ClCompile>
    <ClCompile Include="..\..\..\Packages\App\Interactivity\Src\TriggerAction.Interactivity.cpp">
      <Filter>App\Interactivity\Src</Filter>
    </ClCompile>
    <ClCompile Include="..\..\..\Packages\App\Interactivity\Src\TriggerActionCollection.cpp">
      <Filter>App\Interactivity\Src</Filter>
    </ClCompile>
    <ClCompile Include="..\..\..\Packages\App\Interactivity\Src\TriggerBase.Interactivity.cpp">
      <Filter>App\Interactivity\Src</Filter>
    </ClCompile>
    <ClCompile Include="..\..\..\Packages\App\Interactivity\Src\TriggerCollection.cpp">
      <Filter>App\Interactivity\Src</Filter>
    </ClCompile>
    <ClInclude Include="pch.h">
    </ClInclude>
    <ClCompile Include="pch.cpp">
    </ClCompile>
    <ClCompile Include="init.cpp">
    </ClCompile>
    <ClInclude Include="..\..\..\Packages\Render\RenderContext\Include\NsRender\Image.h">
      <Filter>Render\RenderContext\Include</Filter>
    </ClInclude>
    <ClInclude Include="..\..\..\Packages\Render\RenderContext\Include\NsRender\RenderContext.h">
      <Filter>Render\RenderContext\Include</Filter>
    </ClInclude>
    <ClInclude Include="..\..\..\Packages\Render\RenderContext\Include\NsRender\RenderContextApi.h">
      <Filter>Render\RenderContext\Include</Filter>
    </ClInclude>
    <ClCompile Include="..\..\..\Packages\Render\RenderContext\Src\Image.cpp">
      <Filter>Render\RenderContext\Src</Filter>
    </ClCompile>
    <ClCompile Include="..\..\..\Packages\Render\RenderContext\Src\Render.RenderContext.cpp">
      <Filter>Render\RenderContext\Src</Filter>
    </ClCompile>
    <ClCompile Include="..\..\..\Packages\Render\RenderContext\Src\RenderContext.cpp">
      <Filter>Render\RenderContext\Src</Filter>
    </ClCompile>
    <ClInclude Include="..\..\..\Packages\Render\GLRenderDevice\Include\NsRender\GLFactory.h">
      <Filter>Render\GLRenderDevice\Include</Filter>
    </ClInclude>
    <ClInclude Include="..\..\..\Packages\Render\GLRenderDevice\Include\NsRender\GLRenderDeviceApi.h">
      <Filter>Render\GLRenderDevice\Include</Filter>
    </ClInclude>
    <ClInclude Include="..\..\..\Packages\Render\GLRenderDevice\Src\glext.h">
      <Filter>Render\GLRenderDevice\Src</Filter>
    </ClInclude>
    <ClInclude Include="..\..\..\Packages\Render\GLRenderDevice\Src\GLHeaders.h">
      <Filter>Render\GLRenderDevice\Src</Filter>
    </ClInclude>
    <ClInclude Include="..\..\..\Packages\Render\GLRenderDevice\Src\GLImports.h">
      <Filter>Render\GLRenderDevice\Src</Filter>
    </ClInclude>
    <ClCompile Include="..\..\..\Packages\Render\GLRenderDevice\Src\GLRenderDevice.cpp">
      <Filter>Render\GLRenderDevice\Src</Filter>
    </ClCompile>
    <ClInclude Include="..\..\..\Packages\Render\GLRenderDevice\Src\GLRenderDevice.h">
      <Filter>Render\GLRenderDevice\Src</Filter>
    </ClInclude>
    <ClCompile Include="..\..\..\Packages\Render\GLRenderDevice\Src\Render.GLRenderDevice.cpp">
      <Filter>Render\GLRenderDevice\Src</Filter>
    </ClCompile>
    <ClInclude Include="..\..\..\Packages\Render\GLRenderDevice\Src\ShadersGL120.h">
      <Filter>Render\GLRenderDevice\Src</Filter>
    </ClInclude>
    <ClInclude Include="..\..\..\Packages\Render\GLRenderDevice\Src\ShadersGL140.h">
      <Filter>Render\GLRenderDevice\Src</Filter>
    </ClInclude>
    <ClInclude Include="..\..\..\Packages\Render\GLRenderDevice\Src\ShadersGLES.h">
      <Filter>Render\GLRenderDevice\Src</Filter>
    </ClInclude>
    <ClInclude Include="..\..\..\Packages\Render\GLRenderContext\Src\glext.h">
      <Filter>Render\GLRenderContext\Src</Filter>
    </ClInclude>
    <ClInclude Include="..\..\..\Packages\Render\GLRenderContext\Src\GLHeaders.h">
      <Filter>Render\GLRenderContext\Src</Filter>
    </ClInclude>
    <ClInclude Include="..\..\..\Packages\Render\GLRenderContext\Src\GLRenderContext.h">
      <Filter>Render\GLRenderContext\Src</Filter>
    </ClInclude>
    <ClCompile Include="..\..\..\Packages\Render\GLRenderContext\Src\GLRenderContext.mm.cpp">
      <Filter>Render\GLRenderContext\Src</Filter>
    </ClCompile>
    <ClCompile Include="..\..\..\Packages\Render\GLRenderContext\Src\Render.GLRenderContext.cpp">
      <Filter>Render\GLRenderContext\Src</Filter>
    </ClCompile>
    <ClInclude Include="..\..\..\Packages\Render\GLRenderContext\Src\wglext.h">
      <Filter>Render\GLRenderContext\Src</Filter>
    </ClInclude>
    <ClInclude Include="..\..\..\Packages\Render\D3D11RenderDevice\Include\NsRender\D3D11Factory.h">
      <Filter>Render\D3D11RenderDevice\Include</Filter>
    </ClInclude>
    <ClInclude Include="..\..\..\Packages\Render\D3D11RenderDevice\Include\NsRender\D3D11RenderDeviceApi.h">
      <Filter>Render\D3D11RenderDevice\Include</Filter>
    </ClInclude>
    <ClCompile Include="..\..\..\Packages\Render\D3D11RenderDevice\Src\D3D11RenderDevice.cpp">
      <Filter>Render\D3D11RenderDevice\Src</Filter>
    </ClCompile>
    <ClInclude Include="..\..\..\Packages\Render\D3D11RenderDevice\Src\D3D11RenderDevice.h">
      <Filter>Render\D3D11RenderDevice\Src</Filter>
    </ClInclude>
    <ClCompile Include="..\..\..\Packages\Render\D3D11RenderDevice\Src\Render.D3D11RenderDevice.cpp">
      <Filter>Render\D3D11RenderDevice\Src</Filter>
    </ClCompile>
    <ClInclude Include="..\..\..\Packages\Render\D3D11RenderDevice\Src\Shaders.h">
      <Filter>Render\D3D11RenderDevice\Src</Filter>
    </ClInclude>
    <ClInclude Include="..\..\..\Packages\Render\D3D11RenderDevice\Src\Shaders.xbox.h">
      <Filter>Render\D3D11RenderDevice\Src</Filter>
    </ClInclude>
    <ClCompile Include="..\..\..\Packages\Render\D3D11RenderContext\Src\D3D11RenderContext.cpp">
      <Filter>Render\D3D11RenderContext\Src</Filter>
    </ClCompile>
    <ClInclude Include="..\..\..\Packages\Render\D3D11RenderContext\Src\D3D11RenderContext.h">
      <Filter>Render\D3D11RenderContext\Src</Filter>
    </ClInclude>
    <ClCompile Include="..\..\..\Packages\Render\D3D11RenderContext\Src\Render.D3D11RenderContext.cpp">
      <Filter>Render\D3D11RenderContext\Src</Filter>
    </ClCompile>
  </ItemGroup>
</Project>